
Microsoft Visual Studio Solution File, Format Version 12.00
# Visual Studio Version 17
VisualStudioVersion = 17.13.35818.85 d17.13
MinimumVisualStudioVersion = 10.0.40219.1
Project("{FAE04EC0-301F-11D3-BF4B-00C04F79EFBC}") = "TestProjectLibrary", "TestProjectLibrary.csproj", "{ACE083D1-6F67-42AC-9B83-49A24F86DB3C}"
EndProject
Global
	GlobalSection(SolutionConfigurationPlatforms) = preSolution
		Debug|Any CPU = Debug|Any CPU
		Release|Any CPU = Release|Any CPU
	EndGlobalSection
	GlobalSection(ProjectConfigurationPlatforms) = postSolution
		{ACE083D1-6F67-42AC-9B83-49A24F86DB3C}.Debug|Any CPU.ActiveCfg = Debug|Any CPU
		{ACE083D1-6F67-42AC-9B83-49A24F86DB3C}.Debug|Any CPU.Build.0 = Debug|Any CPU
		{ACE083D1-6F67-42AC-9B83-49A24F86DB3C}.Release|Any CPU.ActiveCfg = Release|Any CPU
		{ACE083D1-6F67-42AC-9B83-49A24F86DB3C}.Release|Any CPU.Build.0 = Release|Any CPU
	EndGlobalSection
	GlobalSection(SolutionProperties) = preSolution
		HideSolutionNode = FALSE
	EndGlobalSection
	GlobalSection(ExtensibilityGlobals) = postSolution
		SolutionGuid = {CB25903A-6E59-4AC3-A847-A08D1CA52520}
	EndGlobalSection
EndGlobal
